
Microsoft Visual Studio Solution File, Format Version 12.00
# Visual Studio Version 17
VisualStudioVersion = 17.4.33110.190
MinimumVisualStudioVersion = 10.0.40219.1
Project("{FAE04EC0-301F-11D3-BF4B-00C04F79EFBC}") = "back-riae", "back-riae\back-riae.csproj", "{A9C84F25-5F19-425D-BBF4-5E4E4AB9C9E4}"
EndProject
Global
	GlobalSection(SolutionConfigurationPlatforms) = preSolution
		Debug|Any CPU = Debug|Any CPU
		Release|Any CPU = Release|Any CPU
	EndGlobalSection
	GlobalSection(ProjectConfigurationPlatforms) = postSolution
		{A9C84F25-5F19-425D-BBF4-5E4E4AB9C9E4}.Debug|Any CPU.ActiveCfg = Debug|Any CPU
		{A9C84F25-5F19-425D-BBF4-5E4E4AB9C9E4}.Debug|Any CPU.Build.0 = Debug|Any CPU
		{A9C84F25-5F19-425D-BBF4-5E4E4AB9C9E4}.Release|Any CPU.ActiveCfg = Release|Any CPU
		{A9C84F25-5F19-425D-BBF4-5E4E4AB9C9E4}.Release|Any CPU.Build.0 = Release|Any CPU
	EndGlobalSection
	GlobalSection(SolutionProperties) = preSolution
		HideSolutionNode = FALSE
	EndGlobalSection
	GlobalSection(ExtensibilityGlobals) = postSolution
		SolutionGuid = {752B6B16-0ADF-4293-A929-DEBA94363B1F}
	EndGlobalSection
EndGlobal
